
Microsoft Visual Studio Solution File, Format Version 12.00
# Visual Studio Version 17
VisualStudioVersion = 17.0.31903.59
MinimumVisualStudioVersion = 10.0.40219.1
Project("{FAE04EC0-301F-11D3-BF4B-00C04F79EFBC}") = "Daily Scheduler", "Daily Scheduler.csproj", "{EB1FF986-379A-4E18-8DF7-D0BFE2F379D8}"
EndProject
Global
	GlobalSection(SolutionConfigurationPlatforms) = preSolution
		Debug|Any CPU = Debug|Any CPU
		Release|Any CPU = Release|Any CPU
	EndGlobalSection
	GlobalSection(ProjectConfigurationPlatforms) = postSolution
		{EB1FF986-379A-4E18-8DF7-D0BFE2F379D8}.Debug|Any CPU.ActiveCfg = Debug|Any CPU
		{EB1FF986-379A-4E18-8DF7-D0BFE2F379D8}.Debug|Any CPU.Build.0 = Debug|Any CPU
		{EB1FF986-379A-4E18-8DF7-D0BFE2F379D8}.Release|Any CPU.ActiveCfg = Release|Any CPU
		{EB1FF986-379A-4E18-8DF7-D0BFE2F379D8}.Release|Any CPU.Build.0 = Release|Any CPU
	EndGlobalSection
	GlobalSection(SolutionProperties) = preSolution
		HideSolutionNode = FALSE
	EndGlobalSection
	GlobalSection(ExtensibilityGlobals) = postSolution
		SolutionGuid = {A980B273-D867-4A53-A6DA-BE6BC72AE3E8}
	EndGlobalSection
EndGlobal
